
Microsoft Visual Studio Solution File, Format Version 12.00
# Visual Studio Version 16
VisualStudioVersion = 16.0.30114.105
MinimumVisualStudioVersion = 10.0.40219.1
Project("{9A19103F-16F7-4668-BE54-9A1E7A4F7556}") = "Webstorm.Integrations.ShopifyQbo.Web", "Webstorm.Integrations.ShopifyQbo.Web\Webstorm.Integrations.ShopifyQbo.Web.csproj", "{9409985F-1CBF-45D5-9845-0D7385F55FE5}"
EndProject
Project("{FAE04EC0-301F-11D3-BF4B-00C04F79EFBC}") = "Webstorm.Integrations.ShopifyQbo.Core", "Webstorm.Integrations.ShopifyQbo.Core\Webstorm.Integrations.ShopifyQbo.Core.csproj", "{A215A76C-CB5F-4CDD-B436-E385BE3E8F97}"
EndProject
Global
	GlobalSection(SolutionConfigurationPlatforms) = preSolution
		Debug|Any CPU = Debug|Any CPU
		Debug|x64 = Debug|x64
		Debug|x86 = Debug|x86
		Release|Any CPU = Release|Any CPU
		Release|x64 = Release|x64
		Release|x86 = Release|x86
	EndGlobalSection
	GlobalSection(ProjectConfigurationPlatforms) = postSolution
		{9409985F-1CBF-45D5-9845-0D7385F55FE5}.Debug|Any CPU.ActiveCfg = Debug|Any CPU
		{9409985F-1CBF-45D5-9845-0D7385F55FE5}.Debug|Any CPU.Build.0 = Debug|Any CPU
		{9409985F-1CBF-45D5-9845-0D7385F55FE5}.Debug|x64.ActiveCfg = Debug|Any CPU
		{9409985F-1CBF-45D5-9845-0D7385F55FE5}.Debug|x64.Build.0 = Debug|Any CPU
		{9409985F-1CBF-45D5-9845-0D7385F55FE5}.Debug|x86.ActiveCfg = Debug|Any CPU
		{9409985F-1CBF-45D5-9845-0D7385F55FE5}.Debug|x86.Build.0 = Debug|Any CPU
		{9409985F-1CBF-45D5-9845-0D7385F55FE5}.Release|Any CPU.ActiveCfg = Release|Any CPU
		{9409985F-1CBF-45D5-9845-0D7385F55FE5}.Release|Any CPU.Build.0 = Release|Any CPU
		{9409985F-1CBF-45D5-9845-0D7385F55FE5}.Release|x64.ActiveCfg = Release|Any CPU
		{9409985F-1CBF-45D5-9845-0D7385F55FE5}.Release|x64.Build.0 = Release|Any CPU
		{9409985F-1CBF-45D5-9845-0D7385F55FE5}.Release|x86.ActiveCfg = Release|Any CPU
		{9409985F-1CBF-45D5-9845-0D7385F55FE5}.Release|x86.Build.0 = Release|Any CPU
		{A215A76C-CB5F-4CDD-B436-E385BE3E8F97}.Debug|Any CPU.ActiveCfg = Debug|Any CPU
		{A215A76C-CB5F-4CDD-B436-E385BE3E8F97}.Debug|Any CPU.Build.0 = Debug|Any CPU
		{A215A76C-CB5F-4CDD-B436-E385BE3E8F97}.Debug|x64.ActiveCfg = Debug|Any CPU
		{A215A76C-CB5F-4CDD-B436-E385BE3E8F97}.Debug|x64.Build.0 = Debug|Any CPU
		{A215A76C-CB5F-4CDD-B436-E385BE3E8F97}.Debug|x86.ActiveCfg = Debug|Any CPU
		{A215A76C-CB5F-4CDD-B436-E385BE3E8F97}.Debug|x86.Build.0 = Debug|Any CPU
		{A215A76C-CB5F-4CDD-B436-E385BE3E8F97}.Release|Any CPU.ActiveCfg = Release|Any CPU
		{A215A76C-CB5F-4CDD-B436-E385BE3E8F97}.Release|Any CPU.Build.0 = Release|Any CPU
		{A215A76C-CB5F-4CDD-B436-E385BE3E8F97}.Release|x64.ActiveCfg = Release|Any CPU
		{A215A76C-CB5F-4CDD-B436-E385BE3E8F97}.Release|x64.Build.0 = Release|Any CPU
		{A215A76C-CB5F-4CDD-B436-E385BE3E8F97}.Release|x86.ActiveCfg = Release|Any CPU
		{A215A76C-CB5F-4CDD-B436-E385BE3E8F97}.Release|x86.Build.0 = Release|Any CPU
	EndGlobalSection
	GlobalSection(SolutionProperties) = preSolution
		HideSolutionNode = FALSE
	EndGlobalSection
	GlobalSection(ExtensibilityGlobals) = postSolution
		SolutionGuid = {5C371158-E9EC-404A-AC84-32B71C8EDB93}
	EndGlobalSection
EndGlobal
